
Microsoft Visual Studio Solution File, Format Version 12.00
# Visual Studio Version 17
VisualStudioVersion = 17.5.33530.505
MinimumVisualStudioVersion = 10.0.40219.1
Project("{FAE04EC0-301F-11D3-BF4B-00C04F79EFBC}") = "WebApplication2", "WebApplication2\WebApplication2.csproj", "{BB14C388-3E73-4BE8-AB08-1348BE0F864C}"
EndProject
Global
	GlobalSection(SolutionConfigurationPlatforms) = preSolution
		Debug|Any CPU = Debug|Any CPU
		Release|Any CPU = Release|Any CPU
	EndGlobalSection
	GlobalSection(ProjectConfigurationPlatforms) = postSolution
		{BB14C388-3E73-4BE8-AB08-1348BE0F864C}.Debug|Any CPU.ActiveCfg = Debug|Any CPU
		{BB14C388-3E73-4BE8-AB08-1348BE0F864C}.Debug|Any CPU.Build.0 = Debug|Any CPU
		{BB14C388-3E73-4BE8-AB08-1348BE0F864C}.Release|Any CPU.ActiveCfg = Release|Any CPU
		{BB14C388-3E73-4BE8-AB08-1348BE0F864C}.Release|Any CPU.Build.0 = Release|Any CPU
	EndGlobalSection
	GlobalSection(SolutionProperties) = preSolution
		HideSolutionNode = FALSE
	EndGlobalSection
	GlobalSection(ExtensibilityGlobals) = postSolution
		SolutionGuid = {C6CCD2C8-7915-4FE3-9B33-D77B732B2B54}
	EndGlobalSection
EndGlobal
